{
  "name": "scroppy",
  "version": "1.0.0",
  "lockfileVersion": 3,
  "requires": true,
  "packages": {
    "": {
      "name": "scroppy",
      "version": "1.0.0",
      "license": "AGPL-3.0-or-later",
      "dependencies": {
        "chalk": "^5.3.0",
        "dotenv": "^16.4.7",
        "fuse.js": "^7.0.0",
        "get-folder-size": "^5.0.0"
      }
    },
    "node_modules/chalk": {
      "version": "5.3.0",
      "resolved": "https://registry.npmjs.org/chalk/-/chalk-5.3.0.tgz",
      "integrity": "sha512-dLitG79d+GV1Nb/VYcCDFivJeK1hiukt9QjRNVOsUtTy1rR1YJsmpGGTZ3qJos+uw7WmWF4wUwBd9jxjocFC2w==",
      "engines": {
        "node": "^12.17.0 || ^14.13 || >=16.0.0"
      },
      "funding": {
        "url": "https://github.com/chalk/chalk?sponsor=1"
      }
    },
    "node_modules/dotenv": {
      "version": "16.4.7",
      "resolved": "https://registry.npmjs.org/dotenv/-/dotenv-16.4.7.tgz",
      "integrity": "sha512-47qPchRCykZC03FhkYAhrvwU4xDBFIj1QPqaarj6mdM/hgUzfPHcpkHJOn3mJAufFeeAxAzeGsr5X0M4k6fLZQ==",
      "engines": {
        "node": ">=12"
      },
      "funding": {
        "url": "https://dotenvx.com"
      }
    },
    "node_modules/fuse.js": {
      "version": "7.0.0",
      "resolved": "https://registry.npmjs.org/fuse.js/-/fuse.js-7.0.0.tgz",
      "integrity": "sha512-14F4hBIxqKvD4Zz/XjDc3y94mNZN6pRv3U13Udo0lNLCWRBUsrMv2xwcF/y/Z5sV6+FQW+/ow68cHpm4sunt8Q==",
      "engines": {
        "node": ">=10"
      }
    },
    "node_modules/get-folder-size": {
      "version": "5.0.0",
      "resolved": "https://registry.npmjs.org/get-folder-size/-/get-folder-size-5.0.0.tgz",
      "integrity": "sha512-+fgtvbL83tSDypEK+T411GDBQVQtxv+qtQgbV+HVa/TYubqDhNd5ghH/D6cOHY9iC5/88GtOZB7WI8PXy2A3bg==",
      "bin": {
        "get-folder-size": "bin/get-folder-size.js"
      },
      "engines": {
        "node": ">=18.11.0"
      }
    }
  }
}
